
Microsoft Visual Studio Solution File, Format Version 12.00
# Visual Studio Version 17
VisualStudioVersion = 17.5.002.0
MinimumVisualStudioVersion = 10.0.40219.1
Project("{9A19103F-16F7-4668-BE54-9A1E7A4F7556}") = "Desafio - Celular", "Desafio - Celular.csproj", "{296551AA-3688-435D-89E2-917545468B44}"
EndProject
Global
	GlobalSection(SolutionConfigurationPlatforms) = preSolution
		Debug|Any CPU = Debug|Any CPU
		Release|Any CPU = Release|Any CPU
	EndGlobalSection
	GlobalSection(ProjectConfigurationPlatforms) = postSolution
		{296551AA-3688-435D-89E2-917545468B44}.Debug|Any CPU.ActiveCfg = Debug|Any CPU
		{296551AA-3688-435D-89E2-917545468B44}.Debug|Any CPU.Build.0 = Debug|Any CPU
		{296551AA-3688-435D-89E2-917545468B44}.Release|Any CPU.ActiveCfg = Release|Any CPU
		{296551AA-3688-435D-89E2-917545468B44}.Release|Any CPU.Build.0 = Release|Any CPU
	EndGlobalSection
	GlobalSection(SolutionProperties) = preSolution
		HideSolutionNode = FALSE
	EndGlobalSection
	GlobalSection(ExtensibilityGlobals) = postSolution
		SolutionGuid = {FF1152F5-FE9C-475B-995A-655B1DDA4C0E}
	EndGlobalSection
EndGlobal
